
Microsoft Visual Studio Solution File, Format Version 12.00
# Visual Studio Version 16
VisualStudioVersion = 16.0.31112.23
MinimumVisualStudioVersion = 10.0.40219.1
Project("{FAE04EC0-301F-11D3-BF4B-00C04F79EFBC}") = "Naloga3_Sah", "Naloga3_Sah\Naloga3_Sah.csproj", "{D71859C5-486D-4DFB-9255-5BD4CDFF806E}"
EndProject
Global
	GlobalSection(SolutionConfigurationPlatforms) = preSolution
		Debug|Any CPU = Debug|Any CPU
		Release|Any CPU = Release|Any CPU
	EndGlobalSection
	GlobalSection(ProjectConfigurationPlatforms) = postSolution
		{D71859C5-486D-4DFB-9255-5BD4CDFF806E}.Debug|Any CPU.ActiveCfg = Debug|Any CPU
		{D71859C5-486D-4DFB-9255-5BD4CDFF806E}.Debug|Any CPU.Build.0 = Debug|Any CPU
		{D71859C5-486D-4DFB-9255-5BD4CDFF806E}.Release|Any CPU.ActiveCfg = Release|Any CPU
		{D71859C5-486D-4DFB-9255-5BD4CDFF806E}.Release|Any CPU.Build.0 = Release|Any CPU
	EndGlobalSection
	GlobalSection(SolutionProperties) = preSolution
		HideSolutionNode = FALSE
	EndGlobalSection
	GlobalSection(ExtensibilityGlobals) = postSolution
		SolutionGuid = {C5BB88CA-CF6C-451A-8A4C-04BD801C44AB}
	EndGlobalSection
EndGlobal
